{
  "name": "segseg",
  "version": "1.0.0",
  "lockfileVersion": 2,
  "requires": true,
  "packages": {
    "": {
      "name": "segseg",
      "version": "1.0.0",
      "license": "MIT",
      "dependencies": {
        "point-to-segment-2d": "^1.0.0"
      },
      "engines": {
        "node": ">=12"
      }
    },
    "node_modules/point-to-segment-2d": {
      "version": "1.0.0",
      "resolved": "https://registry.npmjs.org/point-to-segment-2d/-/point-to-segment-2d-1.0.0.tgz",
      "integrity": "sha512-qjMaW51jOWDjvNSEntnxiGCvfWKu64Iiu6FVRaCWB5hBlZG7adxhx1AG3sXEwgf7v7e+o0y7TpO65OgumpDhfg==",
      "license": "MIT",
      "engines": {
        "node": ">=12"
      }
    }
  },
  "dependencies": {
    "point-to-segment-2d": {
      "version": "1.0.0",
      "resolved": "https://registry.npmjs.org/point-to-segment-2d/-/point-to-segment-2d-1.0.0.tgz",
      "integrity": "sha512-qjMaW51jOWDjvNSEntnxiGCvfWKu64Iiu6FVRaCWB5hBlZG7adxhx1AG3sXEwgf7v7e+o0y7TpO65OgumpDhfg=="
    }
  }
}
